
Microsoft Visual Studio Solution File, Format Version 12.00
# Visual Studio 15
VisualStudioVersion = 15.0.28307.1831
MinimumVisualStudioVersion = 10.0.40219.1
Project("{FAE04EC0-301F-11D3-BF4B-00C04F79EFBC}") = "DemoUser", "DemoUser\DemoUser.csproj", "{7750197A-47CB-4482-9143-BA0F70A7241E}"
EndProject
Project("{FAE04EC0-301F-11D3-BF4B-00C04F79EFBC}") = "UserTest", "UnitTestProject1\UserTest.csproj", "{D50B1E80-DEDD-4F8B-834E-6034374BBAD8}"
EndProject
Global
	GlobalSection(SolutionConfigurationPlatforms) = preSolution
		Debug|Any CPU = Debug|Any CPU
		Release|Any CPU = Release|Any CPU
	EndGlobalSection
	GlobalSection(ProjectConfigurationPlatforms) = postSolution
		{7750197A-47CB-4482-9143-BA0F70A7241E}.Debug|Any CPU.ActiveCfg = Debug|Any CPU
		{7750197A-47CB-4482-9143-BA0F70A7241E}.Debug|Any CPU.Build.0 = Debug|Any CPU
		{7750197A-47CB-4482-9143-BA0F70A7241E}.Release|Any CPU.ActiveCfg = Release|Any CPU
		{7750197A-47CB-4482-9143-BA0F70A7241E}.Release|Any CPU.Build.0 = Release|Any CPU
		{D50B1E80-DEDD-4F8B-834E-6034374BBAD8}.Debug|Any CPU.ActiveCfg = Debug|Any CPU
		{D50B1E80-DEDD-4F8B-834E-6034374BBAD8}.Debug|Any CPU.Build.0 = Debug|Any CPU
		{D50B1E80-DEDD-4F8B-834E-6034374BBAD8}.Release|Any CPU.ActiveCfg = Release|Any CPU
		{D50B1E80-DEDD-4F8B-834E-6034374BBAD8}.Release|Any CPU.Build.0 = Release|Any CPU
	EndGlobalSection
	GlobalSection(SolutionProperties) = preSolution
		HideSolutionNode = FALSE
	EndGlobalSection
	GlobalSection(ExtensibilityGlobals) = postSolution
		SolutionGuid = {4609AE3D-F948-46B6-A5FC-BB26D5A1E42B}
	EndGlobalSection
EndGlobal
